
Microsoft Visual Studio Solution File, Format Version 12.00
# Visual Studio Version 17
VisualStudioVersion = 17.8.34322.80
MinimumVisualStudioVersion = 10.0.40219.1
Project("{FAE04EC0-301F-11D3-BF4B-00C04F79EFBC}") = "Varela_ExamenP3", "Varela_ExamenP3\Varela_ExamenP3.csproj", "{752C5F0E-1F07-4FCA-9C51-C0FB78283D00}"
EndProject
Global
	GlobalSection(SolutionConfigurationPlatforms) = preSolution
		Debug|Any CPU = Debug|Any CPU
		Release|Any CPU = Release|Any CPU
	EndGlobalSection
	GlobalSection(ProjectConfigurationPlatforms) = postSolution
		{752C5F0E-1F07-4FCA-9C51-C0FB78283D00}.Debug|Any CPU.ActiveCfg = Debug|Any CPU
		{752C5F0E-1F07-4FCA-9C51-C0FB78283D00}.Debug|Any CPU.Build.0 = Debug|Any CPU
		{752C5F0E-1F07-4FCA-9C51-C0FB78283D00}.Debug|Any CPU.Deploy.0 = Debug|Any CPU
		{752C5F0E-1F07-4FCA-9C51-C0FB78283D00}.Release|Any CPU.ActiveCfg = Release|Any CPU
		{752C5F0E-1F07-4FCA-9C51-C0FB78283D00}.Release|Any CPU.Build.0 = Release|Any CPU
		{752C5F0E-1F07-4FCA-9C51-C0FB78283D00}.Release|Any CPU.Deploy.0 = Release|Any CPU
	EndGlobalSection
	GlobalSection(SolutionProperties) = preSolution
		HideSolutionNode = FALSE
	EndGlobalSection
	GlobalSection(ExtensibilityGlobals) = postSolution
		SolutionGuid = {17A720EF-15B8-49F2-BFE4-B4419D6CC405}
	EndGlobalSection
EndGlobal
